
Microsoft Visual Studio Solution File, Format Version 12.00
# Visual Studio Version 17
VisualStudioVersion = 17.13.35931.197 d17.13
MinimumVisualStudioVersion = 10.0.40219.1
Project("{FAE04EC0-301F-11D3-BF4B-00C04F79EFBC}") = "Snake Game", "Snake Game.csproj", "{9C756752-B80C-40C2-857C-EE2D5BECF7EB}"
EndProject
Global
	GlobalSection(SolutionConfigurationPlatforms) = preSolution
		Debug|Any CPU = Debug|Any CPU
		Release|Any CPU = Release|Any CPU
	EndGlobalSection
	GlobalSection(ProjectConfigurationPlatforms) = postSolution
		{9C756752-B80C-40C2-857C-EE2D5BECF7EB}.Debug|Any CPU.ActiveCfg = Debug|Any CPU
		{9C756752-B80C-40C2-857C-EE2D5BECF7EB}.Debug|Any CPU.Build.0 = Debug|Any CPU
		{9C756752-B80C-40C2-857C-EE2D5BECF7EB}.Release|Any CPU.ActiveCfg = Release|Any CPU
		{9C756752-B80C-40C2-857C-EE2D5BECF7EB}.Release|Any CPU.Build.0 = Release|Any CPU
	EndGlobalSection
	GlobalSection(SolutionProperties) = preSolution
		HideSolutionNode = FALSE
	EndGlobalSection
	GlobalSection(ExtensibilityGlobals) = postSolution
		SolutionGuid = {E23CBB4B-30A2-4B11-B46B-8E056CC3E957}
	EndGlobalSection
EndGlobal
